// !$*UTF8*$!
{
	archiveVersion = 1;
	classes = {
	};
	objectVersion = 46;
	objects = {

/* Begin PBXBuildFile section */
		1C31BF9D1DEC0341000AB2C3 /* main.m in Sources */ = {isa = PBXBuildFile; fileRef = 1C31BF9C1DEC0341000AB2C3 /* main.m */; };
		1C31BFA01DEC0341000AB2C3 /* AppDelegate.m in Sources */ = {isa = PBXBuildFile; fileRef = 1C31BF9F1DEC0341000AB2C3 /* AppDelegate.m */; };
		1C31BFA31DEC0341000AB2C3 /* ViewController.m in Sources */ = {isa = PBXBuildFile; fileRef = 1C31BFA21DEC0341000AB2C3 /* ViewController.m */; };
		1C31BFA61DEC0341000AB2C3 /* Main.storyboard in Resources */ = {isa = PBXBuildFile; fileRef = 1C31BFA41DEC0341000AB2C3 /* Main.storyboard */; };
		1C31BFA81DEC0341000AB2C3 /* Assets.xcassets in Resources */ = {isa = PBXBuildFile; fileRef = 1C31BFA71DEC0341000AB2C3 /* Assets.xcassets */; };
		1C31BFAB1DEC0341000AB2C3 /* LaunchScreen.storyboard in Resources */ = {isa = PBXBuildFile; fileRef = 1C31BFA91DEC0341000AB2C3 /* LaunchScreen.storyboard */; };
		1C31BFBC1DEC038E000AB2C3 /* SDTimeLineCellOperationMenu.m in Sources */ = {isa = PBXBuildFile; fileRef = 1C31BFB51DEC038E000AB2C3 /* SDTimeLineCellOperationMenu.m */; };
		1C31BFBD1DEC038E000AB2C3 /* UITableView+SDAutoTableViewCellHeight.m in Sources */ = {isa = PBXBuildFile; fileRef = 1C31BFB91DEC038E000AB2C3 /* UITableView+SDAutoTableViewCellHeight.m */; };
		1C31BFBE1DEC038E000AB2C3 /* UIView+SDAutoLayout.m in Sources */ = {isa = PBXBuildFile; fileRef = 1C31BFBB1DEC038E000AB2C3 /* UIView+SDAutoLayout.m */; };
		1C31BFDC1DEC03F3000AB2C3 /* LICENSE in Resources */ = {isa = PBXBuildFile; fileRef = 1C31BFC01DEC03F3000AB2C3 /* LICENSE */; };
		1C31BFDD1DEC03F3000AB2C3 /* MASCompositeConstraint.m in Sources */ = {isa = PBXBuildFile; fileRef = 1C31BFC31DEC03F3000AB2C3 /* MASCompositeConstraint.m */; };
		1C31BFDE1DEC03F3000AB2C3 /* MASConstraint.m in Sources */ = {isa = PBXBuildFile; fileRef = 1C31BFC61DEC03F3000AB2C3 /* MASConstraint.m */; };
		1C31BFDF1DEC03F3000AB2C3 /* MASConstraintMaker.m in Sources */ = {isa = PBXBuildFile; fileRef = 1C31BFC81DEC03F3000AB2C3 /* MASConstraintMaker.m */; };
		1C31BFE01DEC03F3000AB2C3 /* MASLayoutConstraint.m in Sources */ = {isa = PBXBuildFile; fileRef = 1C31BFCA1DEC03F3000AB2C3 /* MASLayoutConstraint.m */; };
		1C31BFE11DEC03F3000AB2C3 /* MASViewAttribute.m in Sources */ = {isa = PBXBuildFile; fileRef = 1C31BFCE1DEC03F3000AB2C3 /* MASViewAttribute.m */; };
		1C31BFE21DEC03F3000AB2C3 /* MASViewConstraint.m in Sources */ = {isa = PBXBuildFile; fileRef = 1C31BFD01DEC03F3000AB2C3 /* MASViewConstraint.m */; };
		1C31BFE31DEC03F3000AB2C3 /* NSArray+MASAdditions.m in Sources */ = {isa = PBXBuildFile; fileRef = 1C31BFD21DEC03F3000AB2C3 /* NSArray+MASAdditions.m */; };
		1C31BFE41DEC03F3000AB2C3 /* NSLayoutConstraint+MASDebugAdditions.m in Sources */ = {isa = PBXBuildFile; fileRef = 1C31BFD51DEC03F3000AB2C3 /* NSLayoutConstraint+MASDebugAdditions.m */; };
		1C31BFE51DEC03F3000AB2C3 /* View+MASAdditions.m in Sources */ = {isa = PBXBuildFile; fileRef = 1C31BFD71DEC03F3000AB2C3 /* View+MASAdditions.m */; };
		1C31BFE61DEC03F3000AB2C3 /* ViewController+MASAdditions.m in Sources */ = {isa = PBXBuildFile; fileRef = 1C31BFDA1DEC03F3000AB2C3 /* ViewController+MASAdditions.m */; };
		1C31BFE71DEC03F3000AB2C3 /* README.md in Sources */ = {isa = PBXBuildFile; fileRef = 1C31BFDB1DEC03F3000AB2C3 /* README.md */; };
/* End PBXBuildFile section */

/* Begin PBXFileReference section */
		1C31BF981DEC0341000AB2C3 /* WechatCommentMenu.app */ = {isa = PBXFileReference; explicitFileType = wrapper.application; includeInIndex = 0; path = WechatCommentMenu.app; sourceTree = BUILT_PRODUCTS_DIR; };
		1C31BF9C1DEC0341000AB2C3 /* main.m */ = {isa = PBXFileReference; lastKnownFileType = sourcecode.c.objc; path = main.m; sourceTree = "<group>"; };
		1C31BF9E1DEC0341000AB2C3 /* AppDelegate.h */ = {isa = PBXFileReference; lastKnownFileType = sourcecode.c.h; path = AppDelegate.h; sourceTree = "<group>"; };
		1C31BF9F1DEC0341000AB2C3 /* AppDelegate.m */ = {isa = PBXFileReference; lastKnownFileType = sourcecode.c.objc; path = AppDelegate.m; sourceTree = "<group>"; };
		1C31BFA11DEC0341000AB2C3 /* ViewController.h */ = {isa = PBXFileReference; lastKnownFileType = sourcecode.c.h; path = ViewController.h; sourceTree = "<group>"; };
		1C31BFA21DEC0341000AB2C3 /* ViewController.m */ = {isa = PBXFileReference; lastKnownFileType = sourcecode.c.objc; path = ViewController.m; sourceTree = "<group>"; };
		1C31BFA51DEC0341000AB2C3 /* Base */ = {isa = PBXFileReference; lastKnownFileType = file.storyboard; name = Base; path = Base.lproj/Main.storyboard; sourceTree = "<group>"; };
		1C31BFA71DEC0341000AB2C3 /* Assets.xcassets */ = {isa = PBXFileReference; lastKnownFileType = folder.assetcatalog; path = Assets.xcassets; sourceTree = "<group>"; };
		1C31BFAA1DEC0341000AB2C3 /* Base */ = {isa = PBXFileReference; lastKnownFileType = file.storyboard; name = Base; path = Base.lproj/LaunchScreen.storyboard; sourceTree = "<group>"; };
		1C31BFAC1DEC0341000AB2C3 /* Info.plist */ = {isa = PBXFileReference; lastKnownFileType = text.plist.xml; path = Info.plist; sourceTree = "<group>"; };
		1C31BFB31DEC038E000AB2C3 /* GlobalDefines.h */ = {isa = PBXFileReference; fileEncoding = 4; lastKnownFileType = sourcecode.c.h; path = GlobalDefines.h; sourceTree = "<group>"; };
		1C31BFB41DEC038E000AB2C3 /* SDTimeLineCellOperationMenu.h */ = {isa = PBXFileReference; fileEncoding = 4; lastKnownFileType = sourcecode.c.h; path = SDTimeLineCellOperationMenu.h; sourceTree = "<group>"; };
		1C31BFB51DEC038E000AB2C3 /* SDTimeLineCellOperationMenu.m */ = {isa = PBXFileReference; fileEncoding = 4; lastKnownFileType = sourcecode.c.objc; path = SDTimeLineCellOperationMenu.m; sourceTree = "<group>"; };
		1C31BFB71DEC038E000AB2C3 /* SDAutoLayout.h */ = {isa = PBXFileReference; fileEncoding = 4; lastKnownFileType = sourcecode.c.h; path = SDAutoLayout.h; sourceTree = "<group>"; };
		1C31BFB81DEC038E000AB2C3 /* UITableView+SDAutoTableViewCellHeight.h */ = {isa = PBXFileReference; fileEncoding = 4; lastKnownFileType = sourcecode.c.h; path = "UITableView+SDAutoTableViewCellHeight.h"; sourceTree = "<group>"; };
		1C31BFB91DEC038E000AB2C3 /* UITableView+SDAutoTableViewCellHeight.m */ = {isa = PBXFileReference; fileEncoding = 4; lastKnownFileType = sourcecode.c.objc; path = "UITableView+SDAutoTableViewCellHeight.m"; sourceTree = "<group>"; };
		1C31BFBA1DEC038E000AB2C3 /* UIView+SDAutoLayout.h */ = {isa = PBXFileReference; fileEncoding = 4; lastKnownFileType = sourcecode.c.h; path = "UIView+SDAutoLayout.h"; sourceTree = "<group>"; };
		1C31BFBB1DEC038E000AB2C3 /* UIView+SDAutoLayout.m */ = {isa = PBXFileReference; fileEncoding = 4; lastKnownFileType = sourcecode.c.objc; path = "UIView+SDAutoLayout.m"; sourceTree = "<group>"; };
		1C31BFC01DEC03F3000AB2C3 /* LICENSE */ = {isa = PBXFileReference; fileEncoding = 4; lastKnownFileType = text; path = LICENSE; sourceTree = "<group>"; };
		1C31BFC21DEC03F3000AB2C3 /* MASCompositeConstraint.h */ = {isa = PBXFileReference; fileEncoding = 4; lastKnownFileType = sourcecode.c.h; path = MASCompositeConstraint.h; sourceTree = "<group>"; };
		1C31BFC31DEC03F3000AB2C3 /* MASCompositeConstraint.m */ = {isa = PBXFileReference; fileEncoding = 4; lastKnownFileType = sourcecode.c.objc; path = MASCompositeConstraint.m; sourceTree = "<group>"; };
		1C31BFC41DEC03F3000AB2C3 /* MASConstraint+Private.h */ = {isa = PBXFileReference; fileEncoding = 4; lastKnownFileType = sourcecode.c.h; path = "MASConstraint+Private.h"; sourceTree = "<group>"; };
		1C31BFC51DEC03F3000AB2C3 /* MASConstraint.h */ = {isa = PBXFileReference; fileEncoding = 4; lastKnownFileType = sourcecode.c.h; path = MASConstraint.h; sourceTree = "<group>"; };
		1C31BFC61DEC03F3000AB2C3 /* MASConstraint.m */ = {isa = PBXFileReference; fileEncoding = 4; lastKnownFileType = sourcecode.c.objc; path = MASConstraint.m; sourceTree = "<group>"; };
		1C31BFC71DEC03F3000AB2C3 /* MASConstraintMaker.h */ = {isa = PBXFileReference; fileEncoding = 4; lastKnownFileType = sourcecode.c.h; path = MASConstraintMaker.h; sourceTree = "<group>"; };
		1C31BFC81DEC03F3000AB2C3 /* MASConstraintMaker.m */ = {isa = PBXFileReference; fileEncoding = 4; lastKnownFileType = sourcecode.c.objc; path = MASConstraintMaker.m; sourceTree = "<group>"; };
		1C31BFC91DEC03F3000AB2C3 /* MASLayoutConstraint.h */ = {isa = PBXFileReference; fileEncoding = 4; lastKnownFileType = sourcecode.c.h; path = MASLayoutConstraint.h; sourceTree = "<group>"; };
		1C31BFCA1DEC03F3000AB2C3 /* MASLayoutConstraint.m */ = {isa = PBXFileReference; fileEncoding = 4; lastKnownFileType = sourcecode.c.objc; path = MASLayoutConstraint.m; sourceTree = "<group>"; };
		1C31BFCB1DEC03F3000AB2C3 /* Masonry.h */ = {isa = PBXFileReference; fileEncoding = 4; lastKnownFileType = sourcecode.c.h; path = Masonry.h; sourceTree = "<group>"; };
		1C31BFCC1DEC03F3000AB2C3 /* MASUtilities.h */ = {isa = PBXFileReference; fileEncoding = 4; lastKnownFileType = sourcecode.c.h; path = MASUtilities.h; sourceTree = "<group>"; };
		1C31BFCD1DEC03F3000AB2C3 /* MASViewAttribute.h */ = {isa = PBXFileReference; fileEncoding = 4; lastKnownFileType = sourcecode.c.h; path = MASViewAttribute.h; sourceTree = "<group>"; };
		1C31BFCE1DEC03F3000AB2C3 /* MASViewAttribute.m */ = {isa = PBXFileReference; fileEncoding = 4; lastKnownFileType = sourcecode.c.objc; path = MASViewAttribute.m; sourceTree = "<group>"; };
		1C31BFCF1DEC03F3000AB2C3 /* MASViewConstraint.h */ = {isa = PBXFileReference; fileEncoding = 4; lastKnownFileType = sourcecode.c.h; path = MASViewConstraint.h; sourceTree = "<group>"; };
		1C31BFD01DEC03F3000AB2C3 /* MASViewConstraint.m */ = {isa = PBXFileReference; fileEncoding = 4; lastKnownFileType = sourcecode.c.objc; path = MASViewConstraint.m; sourceTree = "<group>"; };
		1C31BFD11DEC03F3000AB2C3 /* NSArray+MASAdditions.h */ = {isa = PBXFileReference; fileEncoding = 4; lastKnownFileType = sourcecode.c.h; path = "NSArray+MASAdditions.h"; sourceTree = "<group>"; };
		1C31BFD21DEC03F3000AB2C3 /* NSArray+MASAdditions.m */ = {isa = PBXFileReference; fileEncoding = 4; lastKnownFileType = sourcecode.c.objc; path = "NSArray+MASAdditions.m"; sourceTree = "<group>"; };
		1C31BFD31DEC03F3000AB2C3 /* NSArray+MASShorthandAdditions.h */ = {isa = PBXFileReference; fileEncoding = 4; lastKnownFileType = sourcecode.c.h; path = "NSArray+MASShorthandAdditions.h"; sourceTree = "<group>"; };
		1C31BFD41DEC03F3000AB2C3 /* NSLayoutConstraint+MASDebugAdditions.h */ = {isa = PBXFileReference; fileEncoding = 4; lastKnownFileType = sourcecode.c.h; path = "NSLayoutConstraint+MASDebugAdditions.h"; sourceTree = "<group>"; };
		1C31BFD51DEC03F3000AB2C3 /* NSLayoutConstraint+MASDebugAdditions.m */ = {isa = PBXFileReference; fileEncoding = 4; lastKnownFileType = sourcecode.c.objc; path = "NSLayoutConstraint+MASDebugAdditions.m"; sourceTree = "<group>"; };
		1C31BFD61DEC03F3000AB2C3 /* View+MASAdditions.h */ = {isa = PBXFileReference; fileEncoding = 4; lastKnownFileType = sourcecode.c.h; path = "View+MASAdditions.h"; sourceTree = "<group>"; };
		1C31BFD71DEC03F3000AB2C3 /* View+MASAdditions.m */ = {isa = PBXFileReference; fileEncoding = 4; lastKnownFileType = sourcecode.c.objc; path = "View+MASAdditions.m"; sourceTree = "<group>"; };
		1C31BFD81DEC03F3000AB2C3 /* View+MASShorthandAdditions.h */ = {isa = PBXFileReference; fileEncoding = 4; lastKnownFileType = sourcecode.c.h; path = "View+MASShorthandAdditions.h"; sourceTree = "<group>"; };
		1C31BFD91DEC03F3000AB2C3 /* ViewController+MASAdditions.h */ = {isa = PBXFileReference; fileEncoding = 4; lastKnownFileType = sourcecode.c.h; path = "ViewController+MASAdditions.h"; sourceTree = "<group>"; };
		1C31BFDA1DEC03F3000AB2C3 /* ViewController+MASAdditions.m */ = {isa = PBXFileReference; fileEncoding = 4; lastKnownFileType = sourcecode.c.objc; path = "ViewController+MASAdditions.m"; sourceTree = "<group>"; };
		1C31BFDB1DEC03F3000AB2C3 /* README.md */ = {isa = PBXFileReference; fileEncoding = 4; lastKnownFileType = net.daringfireball.markdown; path = README.md; sourceTree = "<group>"; };
/* End PBXFileReference section */

/* Begin PBXFrameworksBuildPhase section */
		1C31BF951DEC0341000AB2C3 /* Frameworks */ = {
			isa = PBXFrameworksBuildPhase;
			buildActionMask = 2147483647;
			files = (
			);
			runOnlyForDeploymentPostprocessing = 0;
		};
/* End PBXFrameworksBuildPhase section */

/* Begin PBXGroup section */
		1C31BF8F1DEC0341000AB2C3 = {
			isa = PBXGroup;
			children = (
				1C31BF9A1DEC0341000AB2C3 /* WechatCommentMenu */,
				1C31BF991DEC0341000AB2C3 /* Products */,
			);
			sourceTree = "<group>";
		};
		1C31BF991DEC0341000AB2C3 /* Products */ = {
			isa = PBXGroup;
			children = (
				1C31BF981DEC0341000AB2C3 /* WechatCommentMenu.app */,
			);
			name = Products;
			sourceTree = "<group>";
		};
		1C31BF9A1DEC0341000AB2C3 /* WechatCommentMenu */ = {
			isa = PBXGroup;
			children = (
				1C31BFBF1DEC03F3000AB2C3 /* Masonry */,
				1C31BFB21DEC038E000AB2C3 /* OperationMenu */,
				1C31BFB61DEC038E000AB2C3 /* SDAutoLayout */,
				1C31BF9E1DEC0341000AB2C3 /* AppDelegate.h */,
				1C31BF9F1DEC0341000AB2C3 /* AppDelegate.m */,
				1C31BFA11DEC0341000AB2C3 /* ViewController.h */,
				1C31BFA21DEC0341000AB2C3 /* ViewController.m */,
				1C31BFA41DEC0341000AB2C3 /* Main.storyboard */,
				1C31BFA71DEC0341000AB2C3 /* Assets.xcassets */,
				1C31BFA91DEC0341000AB2C3 /* LaunchScreen.storyboard */,
				1C31BFAC1DEC0341000AB2C3 /* Info.plist */,
				1C31BF9B1DEC0341000AB2C3 /* Supporting Files */,
			);
			path = WechatCommentMenu;
			sourceTree = "<group>";
		};
		1C31BF9B1DEC0341000AB2C3 /* Supporting Files */ = {
			isa = PBXGroup;
			children = (
				1C31BF9C1DEC0341000AB2C3 /* main.m */,
			);
			name = "Supporting Files";
			sourceTree = "<group>";
		};
		1C31BFB21DEC038E000AB2C3 /* OperationMenu */ = {
			isa = PBXGroup;
			children = (
				1C31BFB31DEC038E000AB2C3 /* GlobalDefines.h */,
				1C31BFB41DEC038E000AB2C3 /* SDTimeLineCellOperationMenu.h */,
				1C31BFB51DEC038E000AB2C3 /* SDTimeLineCellOperationMenu.m */,
			);
			path = OperationMenu;
			sourceTree = "<group>";
		};
		1C31BFB61DEC038E000AB2C3 /* SDAutoLayout */ = {
			isa = PBXGroup;
			children = (
				1C31BFB71DEC038E000AB2C3 /* SDAutoLayout.h */,
				1C31BFB81DEC038E000AB2C3 /* UITableView+SDAutoTableViewCellHeight.h */,
				1C31BFB91DEC038E000AB2C3 /* UITableView+SDAutoTableViewCellHeight.m */,
				1C31BFBA1DEC038E000AB2C3 /* UIView+SDAutoLayout.h */,
				1C31BFBB1DEC038E000AB2C3 /* UIView+SDAutoLayout.m */,
			);
			path = SDAutoLayout;
			sourceTree = "<group>";
		};
		1C31BFBF1DEC03F3000AB2C3 /* Masonry */ = {
			isa = PBXGroup;
			children = (
				1C31BFC01DEC03F3000AB2C3 /* LICENSE */,
				1C31BFC11DEC03F3000AB2C3 /* Masonry */,
				1C31BFDB1DEC03F3000AB2C3 /* README.md */,
			);
			path = Masonry;
			sourceTree = "<group>";
		};
		1C31BFC11DEC03F3000AB2C3 /* Masonry */ = {
			isa = PBXGroup;
			children = (
				1C31BFC21DEC03F3000AB2C3 /* MASCompositeConstraint.h */,
				1C31BFC31DEC03F3000AB2C3 /* MASCompositeConstraint.m */,
				1C31BFC41DEC03F3000AB2C3 /* MASConstraint+Private.h */,
				1C31BFC51DEC03F3000AB2C3 /* MASConstraint.h */,
				1C31BFC61DEC03F3000AB2C3 /* MASConstraint.m */,
				1C31BFC71DEC03F3000AB2C3 /* MASConstraintMaker.h */,
				1C31BFC81DEC03F3000AB2C3 /* MASConstraintMaker.m */,
				1C31BFC91DEC03F3000AB2C3 /* MASLayoutConstraint.h */,
				1C31BFCA1DEC03F3000AB2C3 /* MASLayoutConstraint.m */,
				1C31BFCB1DEC03F3000AB2C3 /* Masonry.h */,
				1C31BFCC1DEC03F3000AB2C3 /* MASUtilities.h */,
				1C31BFCD1DEC03F3000AB2C3 /* MASViewAttribute.h */,
				1C31BFCE1DEC03F3000AB2C3 /* MASViewAttribute.m */,
				1C31BFCF1DEC03F3000AB2C3 /* MASViewConstraint.h */,
				1C31BFD01DEC03F3000AB2C3 /* MASViewConstraint.m */,
				1C31BFD11DEC03F3000AB2C3 /* NSArray+MASAdditions.h */,
				1C31BFD21DEC03F3000AB2C3 /* NSArray+MASAdditions.m */,
				1C31BFD31DEC03F3000AB2C3 /* NSArray+MASShorthandAdditions.h */,
				1C31BFD41DEC03F3000AB2C3 /* NSLayoutConstraint+MASDebugAdditions.h */,
				1C31BFD51DEC03F3000AB2C3 /* NSLayoutConstraint+MASDebugAdditions.m */,
				1C31BFD61DEC03F3000AB2C3 /* View+MASAdditions.h */,
				1C31BFD71DEC03F3000AB2C3 /* View+MASAdditions.m */,
				1C31BFD81DEC03F3000AB2C3 /* View+MASShorthandAdditions.h */,
				1C31BFD91DEC03F3000AB2C3 /* ViewController+MASAdditions.h */,
				1C31BFDA1DEC03F3000AB2C3 /* ViewController+MASAdditions.m */,
			);
			path = Masonry;
			sourceTree = "<group>";
		};
/* End PBXGroup section */

/* Begin PBXNativeTarget section */
		1C31BF971DEC0341000AB2C3 /* WechatCommentMenu */ = {
			isa = PBXNativeTarget;
			buildConfigurationList = 1C31BFAF1DEC0341000AB2C3 /* Build configuration list for PBXNativeTarget "WechatCommentMenu" */;
			buildPhases = (
				1C31BF941DEC0341000AB2C3 /* Sources */,
				1C31BF951DEC0341000AB2C3 /* Frameworks */,
				1C31BF961DEC0341000AB2C3 /* Resources */,
			);
			buildRules = (
			);
			dependencies = (
			);
			name = WechatCommentMenu;
			productName = WechatCommentMenu;
			productReference = 1C31BF981DEC0341000AB2C3 /* WechatCommentMenu.app */;
			productType = "com.apple.product-type.application";
		};
/* End PBXNativeTarget section */

/* Begin PBXProject section */
		1C31BF901DEC0341000AB2C3 /* Project object */ = {
			isa = PBXProject;
			attributes = {
				LastUpgradeCheck = 0810;
				ORGANIZATIONNAME = xubojoy;
				TargetAttributes = {
					1C31BF971DEC0341000AB2C3 = {
						CreatedOnToolsVersion = 8.1;
						DevelopmentTeam = 475AM2DC65;
						ProvisioningStyle = Automatic;
					};
				};
			};
			buildConfigurationList = 1C31BF931DEC0341000AB2C3 /* Build configuration list for PBXProject "WechatCommentMenu" */;
			compatibilityVersion = "Xcode 3.2";
			developmentRegion = English;
			hasScannedForEncodings = 0;
			knownRegions = (
				en,
				Base,
			);
			mainGroup = 1C31BF8F1DEC0341000AB2C3;
			productRefGroup = 1C31BF991DEC0341000AB2C3 /* Products */;
			projectDirPath = "";
			projectRoot = "";
			targets = (
				1C31BF971DEC0341000AB2C3 /* WechatCommentMenu */,
			);
		};
/* End PBXProject section */

/* Begin PBXResourcesBuildPhase section */
		1C31BF961DEC0341000AB2C3 /* Resources */ = {
			isa = PBXResourcesBuildPhase;
			buildActionMask = 2147483647;
			files = (
				1C31BFAB1DEC0341000AB2C3 /* LaunchScreen.storyboard in Resources */,
				1C31BFA81DEC0341000AB2C3 /* Assets.xcassets in Resources */,
				1C31BFDC1DEC03F3000AB2C3 /* LICENSE in Resources */,
				1C31BFA61DEC0341000AB2C3 /* Main.storyboard in Resources */,
			);
			runOnlyForDeploymentPostprocessing = 0;
		};
/* End PBXResourcesBuildPhase section */

/* Begin PBXSourcesBuildPhase section */
		1C31BF941DEC0341000AB2C3 /* Sources */ = {
			isa = PBXSourcesBuildPhase;
			buildActionMask = 2147483647;
			files = (
				1C31BFDE1DEC03F3000AB2C3 /* MASConstraint.m in Sources */,
				1C31BFE11DEC03F3000AB2C3 /* MASViewAttribute.m in Sources */,
				1C31BFE61DEC03F3000AB2C3 /* ViewController+MASAdditions.m in Sources */,
				1C31BFE31DEC03F3000AB2C3 /* NSArray+MASAdditions.m in Sources */,
				1C31BFBC1DEC038E000AB2C3 /* SDTimeLineCellOperationMenu.m in Sources */,
				1C31BFE21DEC03F3000AB2C3 /* MASViewConstraint.m in Sources */,
				1C31BFE01DEC03F3000AB2C3 /* MASLayoutConstraint.m in Sources */,
				1C31BFA31DEC0341000AB2C3 /* ViewController.m in Sources */,
				1C31BFBE1DEC038E000AB2C3 /* UIView+SDAutoLayout.m in Sources */,
				1C31BFE51DEC03F3000AB2C3 /* View+MASAdditions.m in Sources */,
				1C31BFDD1DEC03F3000AB2C3 /* MASCompositeConstraint.m in Sources */,
				1C31BFE71DEC03F3000AB2C3 /* README.md in Sources */,
				1C31BFE41DEC03F3000AB2C3 /* NSLayoutConstraint+MASDebugAdditions.m in Sources */,
				1C31BFDF1DEC03F3000AB2C3 /* MASConstraintMaker.m in Sources */,
				1C31BFA01DEC0341000AB2C3 /* AppDelegate.m in Sources */,
				1C31BF9D1DEC0341000AB2C3 /* main.m in Sources */,
				1C31BFBD1DEC038E000AB2C3 /* UITableView+SDAutoTableViewCellHeight.m in Sources */,
			);
			runOnlyForDeploymentPostprocessing = 0;
		};
/* End PBXSourcesBuildPhase section */

/* Begin PBXVariantGroup section */
		1C31BFA41DEC0341000AB2C3 /* Main.storyboard */ = {
			isa = PBXVariantGroup;
			children = (
				1C31BFA51DEC0341000AB2C3 /* Base */,
			);
			name = Main.storyboard;
			sourceTree = "<group>";
		};
		1C31BFA91DEC0341000AB2C3 /* LaunchScreen.storyboard */ = {
			isa = PBXVariantGroup;
			children = (
				1C31BFAA1DEC0341000AB2C3 /* Base */,
			);
			name = LaunchScreen.storyboard;
			sourceTree = "<group>";
		};
/* End PBXVariantGroup section */

/* Begin XCBuildConfiguration section */
		1C31BFAD1DEC0341000AB2C3 /* Debug */ = {
			isa = XCBuildConfiguration;
			buildSettings = {
				ALWAYS_SEARCH_USER_PATHS = NO;
				CLANG_ANALYZER_NONNULL = YES;
				CLANG_CXX_LANGUAGE_STANDARD = "gnu++0x";
				CLANG_CXX_LIBRARY = "libc++";
				CLANG_ENABLE_MODULES = YES;
				CLANG_ENABLE_OBJC_ARC = YES;
				CLANG_WARN_BOOL_CONVERSION = YES;
				CLANG_WARN_CONSTANT_CONVERSION = YES;
				CLANG_WARN_DIRECT_OBJC_ISA_USAGE = YES_ERROR;
				CLANG_WARN_DOCUMENTATION_COMMENTS = YES;
				CLANG_WARN_EMPTY_BODY = YES;
				CLANG_WARN_ENUM_CONVERSION = YES;
				CLANG_WARN_INFINITE_RECURSION = YES;
				CLANG_WARN_INT_CONVERSION = YES;
				CLANG_WARN_OBJC_ROOT_CLASS = YES_ERROR;
				CLANG_WARN_SUSPICIOUS_MOVES = YES;
				CLANG_WARN_UNREACHABLE_CODE = YES;
				CLANG_WARN__DUPLICATE_METHOD_MATCH = YES;
				"CODE_SIGN_IDENTITY[sdk=iphoneos*]" = "iPhone Developer";
				COPY_PHASE_STRIP = NO;
				DEBUG_INFORMATION_FORMAT = dwarf;
				ENABLE_STRICT_OBJC_MSGSEND = YES;
				ENABLE_TESTABILITY = YES;
				GCC_C_LANGUAGE_STANDARD = gnu99;
				GCC_DYNAMIC_NO_PIC = NO;
				GCC_NO_COMMON_BLOCKS = YES;
				GCC_OPTIMIZATION_LEVEL = 0;
				GCC_PREPROCESSOR_DEFINITIONS = (
					"DEBUG=1",
					"$(inherited)",
				);
				GCC_WARN_64_TO_32_BIT_CONVERSION = YES;
				GCC_WARN_ABOUT_RETURN_TYPE = YES_ERROR;
				GCC_WARN_UNDECLARED_SELECTOR = YES;
				GCC_WARN_UNINITIALIZED_AUTOS = YES_AGGRESSIVE;
				GCC_WARN_UNUSED_FUNCTION = YES;
				GCC_WARN_UNUSED_VARIABLE = YES;
				IPHONEOS_DEPLOYMENT_TARGET = 10.1;
				MTL_ENABLE_DEBUG_INFO = YES;
				ONLY_ACTIVE_ARCH = YES;
				SDKROOT = iphoneos;
			};
			name = Debug;
		};
		1C31BFAE1DEC0341000AB2C3 /* Release */ = {
			isa = XCBuildConfiguration;
			buildSettings = {
				ALWAYS_SEARCH_USER_PATHS = NO;
				CLANG_ANALYZER_NONNULL = YES;
				CLANG_CXX_LANGUAGE_STANDARD = "gnu++0x";
				CLANG_CXX_LIBRARY = "libc++";
				CLANG_ENABLE_MODULES = YES;
				CLANG_ENABLE_OBJC_ARC = YES;
				CLANG_WARN_BOOL_CONVERSION = YES;
				CLANG_WARN_CONSTANT_CONVERSION = YES;
				CLANG_WARN_DIRECT_OBJC_ISA_USAGE = YES_ERROR;
				CLANG_WARN_DOCUMENTATION_COMMENTS = YES;
				CLANG_WARN_EMPTY_BODY = YES;
				CLANG_WARN_ENUM_CONVERSION = YES;
				CLANG_WARN_INFINITE_RECURSION = YES;
				CLANG_WARN_INT_CONVERSION = YES;
				CLANG_WARN_OBJC_ROOT_CLASS = YES_ERROR;
				CLANG_WARN_SUSPICIOUS_MOVES = YES;
				CLANG_WARN_UNREACHABLE_CODE = YES;
				CLANG_WARN__DUPLICATE_METHOD_MATCH = YES;
				"CODE_SIGN_IDENTITY[sdk=iphoneos*]" = "iPhone Developer";
				COPY_PHASE_STRIP = NO;
				DEBUG_INFORMATION_FORMAT = "dwarf-with-dsym";
				ENABLE_NS_ASSERTIONS = NO;
				ENABLE_STRICT_OBJC_MSGSEND = YES;
				GCC_C_LANGUAGE_STANDARD = gnu99;
				GCC_NO_COMMON_BLOCKS = YES;
				GCC_WARN_64_TO_32_BIT_CONVERSION = YES;
				GCC_WARN_ABOUT_RETURN_TYPE = YES_ERROR;
				GCC_WARN_UNDECLARED_SELECTOR = YES;
				GCC_WARN_UNINITIALIZED_AUTOS = YES_AGGRESSIVE;
				GCC_WARN_UNUSED_FUNCTION = YES;
				GCC_WARN_UNUSED_VARIABLE = YES;
				IPHONEOS_DEPLOYMENT_TARGET = 10.1;
				MTL_ENABLE_DEBUG_INFO = NO;
				SDKROOT = iphoneos;
				VALIDATE_PRODUCT = YES;
			};
			name = Release;
		};
		1C31BFB01DEC0341000AB2C3 /* Debug */ = {
			isa = XCBuildConfiguration;
			buildSettings = {
				ASSETCATALOG_COMPILER_APPICON_NAME = AppIcon;
				DEVELOPMENT_TEAM = 475AM2DC65;
				INFOPLIST_FILE = WechatCommentMenu/Info.plist;
				LD_RUNPATH_SEARCH_PATHS = "$(inherited) @executable_path/Frameworks";
				PRODUCT_BUNDLE_IDENTIFIER = com.golfd.WechatCommentMenu;
				PRODUCT_NAME = "$(TARGET_NAME)";
			};
			name = Debug;
		};
		1C31BFB11DEC0341000AB2C3 /* Release */ = {
			isa = XCBuildConfiguration;
			buildSettings = {
				ASSETCATALOG_COMPILER_APPICON_NAME = AppIcon;
				DEVELOPMENT_TEAM = 475AM2DC65;
				INFOPLIST_FILE = WechatCommentMenu/Info.plist;
				LD_RUNPATH_SEARCH_PATHS = "$(inherited) @executable_path/Frameworks";
				PRODUCT_BUNDLE_IDENTIFIER = com.golfd.WechatCommentMenu;
				PRODUCT_NAME = "$(TARGET_NAME)";
			};
			name = Release;
		};
/* End XCBuildConfiguration section */

/* Begin XCConfigurationList section */
		1C31BF931DEC0341000AB2C3 /* Build configuration list for PBXProject "WechatCommentMenu" */ = {
			isa = XCConfigurationList;
			buildConfigurations = (
				1C31BFAD1DEC0341000AB2C3 /* Debug */,
				1C31BFAE1DEC0341000AB2C3 /* Release */,
			);
			defaultConfigurationIsVisible = 0;
			defaultConfigurationName = Release;
		};
		1C31BFAF1DEC0341000AB2C3 /* Build configuration list for PBXNativeTarget "WechatCommentMenu" */ = {
			isa = XCConfigurationList;
			buildConfigurations = (
				1C31BFB01DEC0341000AB2C3 /* Debug */,
				1C31BFB11DEC0341000AB2C3 /* Release */,
			);
			defaultConfigurationIsVisible = 0;
		};
/* End XCConfigurationList section */
	};
	rootObject = 1C31BF901DEC0341000AB2C3 /* Project object */;
}
